
Microsoft Visual Studio Solution File, Format Version 12.00
# Visual Studio Version 17
VisualStudioVersion = 17.0.32014.148
MinimumVisualStudioVersion = 10.0.40219.1
Project("{9A19103F-16F7-4668-BE54-9A1E7A4F7556}") = "EFCoreDatabaseFirst", "EFCoreDatabaseFirst\EFCoreDatabaseFirst.csproj", "{C35F97FC-F888-4A2D-AC26-585C9DB67352}"
EndProject
Project("{FAE04EC0-301F-11D3-BF4B-00C04F79EFBC}") = "EFCoreDBFirstFluentAPI", "EFCoreDBFirstFluentAPI\EFCoreDBFirstFluentAPI.csproj", "{A04AE2F8-98A1-4992-94E0-BDE9F1BFEA0B}"
EndProject
Global
	GlobalSection(SolutionConfigurationPlatforms) = preSolution
		Debug|Any CPU = Debug|Any CPU
		Release|Any CPU = Release|Any CPU
	EndGlobalSection
	GlobalSection(ProjectConfigurationPlatforms) = postSolution
		{C35F97FC-F888-4A2D-AC26-585C9DB67352}.Debug|Any CPU.ActiveCfg = Debug|Any CPU
		{C35F97FC-F888-4A2D-AC26-585C9DB67352}.Debug|Any CPU.Build.0 = Debug|Any CPU
		{C35F97FC-F888-4A2D-AC26-585C9DB67352}.Release|Any CPU.ActiveCfg = Release|Any CPU
		{C35F97FC-F888-4A2D-AC26-585C9DB67352}.Release|Any CPU.Build.0 = Release|Any CPU
		{A04AE2F8-98A1-4992-94E0-BDE9F1BFEA0B}.Debug|Any CPU.ActiveCfg = Debug|Any CPU
		{A04AE2F8-98A1-4992-94E0-BDE9F1BFEA0B}.Debug|Any CPU.Build.0 = Debug|Any CPU
		{A04AE2F8-98A1-4992-94E0-BDE9F1BFEA0B}.Release|Any CPU.ActiveCfg = Release|Any CPU
		{A04AE2F8-98A1-4992-94E0-BDE9F1BFEA0B}.Release|Any CPU.Build.0 = Release|Any CPU
	EndGlobalSection
	GlobalSection(SolutionProperties) = preSolution
		HideSolutionNode = FALSE
	EndGlobalSection
	GlobalSection(ExtensibilityGlobals) = postSolution
		SolutionGuid = {776CD60E-AC3C-4F5A-AF2E-1A36FDC50C5E}
	EndGlobalSection
EndGlobal
